
Microsoft Visual Studio Solution File, Format Version 12.00
# Visual Studio 14
VisualStudioVersion = 14.0.24720.0
MinimumVisualStudioVersion = 10.0.40219.1
Project("{2150E333-8FDC-42A3-9474-1A3956D46DE8}") = "src", "src", "{79C34571-30E6-4B95-9173-BB0CAAD2A067}"
EndProject
Project("{2150E333-8FDC-42A3-9474-1A3956D46DE8}") = "Solution Items", "Solution Items", "{A4C9453C-8C01-4959-B8BD-C074D92C4E91}"
	ProjectSection(SolutionItems) = preProject
		global.json = global.json
	EndProjectSection
EndProject
Project("{8BB2217D-0F2D-49D1-97BC-3654ED321F3B}") = "EMC.SPaaS.Manager", "src\EMC.SPaaS.Manager\EMC.SPaaS.Manager.xproj", "{0D45BA9A-8303-4EB0-9127-315D2BE0B7D9}"
EndProject
Project("{8BB2217D-0F2D-49D1-97BC-3654ED321F3B}") = "EMC.SPaaS.DesignManager", "src\EMC.SPaaS.DesignManager\EMC.SPaaS.DesignManager.xproj", "{AD06439D-7F5E-458D-AB15-1D691A541065}"
EndProject
Project("{8BB2217D-0F2D-49D1-97BC-3654ED321F3B}") = "EMC.SPaaS.CloudProvider", "src\EMC.SPaaS.CloudProvider\EMC.SPaaS.CloudProvider.xproj", "{49F9DF52-2318-4B1D-9580-F23EEB255C31}"
EndProject
Project("{8BB2217D-0F2D-49D1-97BC-3654ED321F3B}") = "EMC.SPaaS.ProvisioningEngine", "src\EMC.SPaaS.ProvisioningEngine\EMC.SPaaS.ProvisioningEngine.xproj", "{E6084F68-3E16-4DF5-A97E-E3402BF19907}"
EndProject
Project("{8BB2217D-0F2D-49D1-97BC-3654ED321F3B}") = "EMC.SPaaS.AuthenticationProviders", "src\EMC.SPaaS.AuthenticationProviders\EMC.SPaaS.AuthenticationProviders.xproj", "{27661D68-6E6D-41A5-BD8D-2E53DB95E2D4}"
EndProject
Global
	GlobalSection(SolutionConfigurationPlatforms) = preSolution
		Debug|Any CPU = Debug|Any CPU
		Release|Any CPU = Release|Any CPU
	EndGlobalSection
	GlobalSection(ProjectConfigurationPlatforms) = postSolution
		{0D45BA9A-8303-4EB0-9127-315D2BE0B7D9}.Debug|Any CPU.ActiveCfg = Debug|Any CPU
		{0D45BA9A-8303-4EB0-9127-315D2BE0B7D9}.Debug|Any CPU.Build.0 = Debug|Any CPU
		{0D45BA9A-8303-4EB0-9127-315D2BE0B7D9}.Release|Any CPU.ActiveCfg = Release|Any CPU
		{0D45BA9A-8303-4EB0-9127-315D2BE0B7D9}.Release|Any CPU.Build.0 = Release|Any CPU
		{AD06439D-7F5E-458D-AB15-1D691A541065}.Debug|Any CPU.ActiveCfg = Debug|Any CPU
		{AD06439D-7F5E-458D-AB15-1D691A541065}.Debug|Any CPU.Build.0 = Debug|Any CPU
		{AD06439D-7F5E-458D-AB15-1D691A541065}.Release|Any CPU.ActiveCfg = Release|Any CPU
		{AD06439D-7F5E-458D-AB15-1D691A541065}.Release|Any CPU.Build.0 = Release|Any CPU
		{49F9DF52-2318-4B1D-9580-F23EEB255C31}.Debug|Any CPU.ActiveCfg = Debug|Any CPU
		{49F9DF52-2318-4B1D-9580-F23EEB255C31}.Debug|Any CPU.Build.0 = Debug|Any CPU
		{49F9DF52-2318-4B1D-9580-F23EEB255C31}.Release|Any CPU.ActiveCfg = Release|Any CPU
		{49F9DF52-2318-4B1D-9580-F23EEB255C31}.Release|Any CPU.Build.0 = Release|Any CPU
		{E6084F68-3E16-4DF5-A97E-E3402BF19907}.Debug|Any CPU.ActiveCfg = Debug|Any CPU
		{E6084F68-3E16-4DF5-A97E-E3402BF19907}.Debug|Any CPU.Build.0 = Debug|Any CPU
		{E6084F68-3E16-4DF5-A97E-E3402BF19907}.Release|Any CPU.ActiveCfg = Release|Any CPU
		{E6084F68-3E16-4DF5-A97E-E3402BF19907}.Release|Any CPU.Build.0 = Release|Any CPU
		{27661D68-6E6D-41A5-BD8D-2E53DB95E2D4}.Debug|Any CPU.ActiveCfg = Debug|Any CPU
		{27661D68-6E6D-41A5-BD8D-2E53DB95E2D4}.Debug|Any CPU.Build.0 = Debug|Any CPU
		{27661D68-6E6D-41A5-BD8D-2E53DB95E2D4}.Release|Any CPU.ActiveCfg = Release|Any CPU
		{27661D68-6E6D-41A5-BD8D-2E53DB95E2D4}.Release|Any CPU.Build.0 = Release|Any CPU
	EndGlobalSection
	GlobalSection(SolutionProperties) = preSolution
		HideSolutionNode = FALSE
	EndGlobalSection
	GlobalSection(NestedProjects) = preSolution
		{0D45BA9A-8303-4EB0-9127-315D2BE0B7D9} = {79C34571-30E6-4B95-9173-BB0CAAD2A067}
		{AD06439D-7F5E-458D-AB15-1D691A541065} = {79C34571-30E6-4B95-9173-BB0CAAD2A067}
		{49F9DF52-2318-4B1D-9580-F23EEB255C31} = {79C34571-30E6-4B95-9173-BB0CAAD2A067}
		{E6084F68-3E16-4DF5-A97E-E3402BF19907} = {79C34571-30E6-4B95-9173-BB0CAAD2A067}
		{27661D68-6E6D-41A5-BD8D-2E53DB95E2D4} = {79C34571-30E6-4B95-9173-BB0CAAD2A067}
	EndGlobalSection
EndGlobal
